// !$*UTF8*$!
{
	archiveVersion = 1;
	classes = {
	};
	objectVersion = 46;
	objects = {

/* Begin PBXBuildFile section */
		BA47742F1BBB1871009F719F /* DetroitScavengerHuntItem.swift in Sources */ = {isa = PBXBuildFile; fileRef = BA47742E1BBB1871009F719F /* DetroitScavengerHuntItem.swift */; settings = {ASSET_TAGS = (); }; };
		BA727ADF1BC485E200EB7CC7 /* ItemsManager.swift in Sources */ = {isa = PBXBuildFile; fileRef = BA727ADE1BC485E200EB7CC7 /* ItemsManager.swift */; settings = {ASSET_TAGS = (); }; };
		BA7A05871BB64723006BA1F4 /* AppDelegate.swift in Sources */ = {isa = PBXBuildFile; fileRef = BA7A05861BB64723006BA1F4 /* AppDelegate.swift */; };
		BA7A05891BB64723006BA1F4 /* AddViewController.swift in Sources */ = {isa = PBXBuildFile; fileRef = BA7A05881BB64723006BA1F4 /* AddViewController.swift */; };
		BA7A058C1BB64723006BA1F4 /* Main.storyboard in Resources */ = {isa = PBXBuildFile; fileRef = BA7A058A1BB64723006BA1F4 /* Main.storyboard */; };
		BA7A058E1BB64723006BA1F4 /* Assets.xcassets in Resources */ = {isa = PBXBuildFile; fileRef = BA7A058D1BB64723006BA1F4 /* Assets.xcassets */; };
		BA7A05911BB64723006BA1F4 /* LaunchScreen.storyboard in Resources */ = {isa = PBXBuildFile; fileRef = BA7A058F1BB64723006BA1F4 /* LaunchScreen.storyboard */; };
		BA7A059C1BB64724006BA1F4 /* Detroit_Scavenger_HuntTests.swift in Sources */ = {isa = PBXBuildFile; fileRef = BA7A059B1BB64724006BA1F4 /* Detroit_Scavenger_HuntTests.swift */; };
		BA7A05A71BB64724006BA1F4 /* Detroit_Scavenger_HuntUITests.swift in Sources */ = {isa = PBXBuildFile; fileRef = BA7A05A61BB64724006BA1F4 /* Detroit_Scavenger_HuntUITests.swift */; };
		BA7A05B51BB64A86006BA1F4 /* ListViewController.swift in Sources */ = {isa = PBXBuildFile; fileRef = BA7A05B41BB64A86006BA1F4 /* ListViewController.swift */; settings = {ASSET_TAGS = (); }; };
/* End PBXBuildFile section */

/* Begin PBXContainerItemProxy section */
		BA7A05981BB64724006BA1F4 /* PBXContainerItemProxy */ = {
			isa = PBXContainerItemProxy;
			containerPortal = BA7A057B1BB64723006BA1F4 /* Project object */;
			proxyType = 1;
			remoteGlobalIDString = BA7A05821BB64723006BA1F4;
			remoteInfo = "Detroit Scavenger Hunt";
		};
		BA7A05A31BB64724006BA1F4 /* PBXContainerItemProxy */ = {
			isa = PBXContainerItemProxy;
			containerPortal = BA7A057B1BB64723006BA1F4 /* Project object */;
			proxyType = 1;
			remoteGlobalIDString = BA7A05821BB64723006BA1F4;
			remoteInfo = "Detroit Scavenger Hunt";
		};
/* End PBXContainerItemProxy section */

/* Begin PBXFileReference section */
		BA47742E1BBB1871009F719F /* DetroitScavengerHuntItem.swift */ = {isa = PBXFileReference; fileEncoding = 4; lastKnownFileType = sourcecode.swift; path = DetroitScavengerHuntItem.swift; sourceTree = "<group>"; };
		BA727ADE1BC485E200EB7CC7 /* ItemsManager.swift */ = {isa = PBXFileReference; fileEncoding = 4; lastKnownFileType = sourcecode.swift; name = ItemsManager.swift; path = ../ItemsManager.swift; sourceTree = "<group>"; };
		BA7A05831BB64723006BA1F4 /* Detroit Scavenger Hunt.app */ = {isa = PBXFileReference; explicitFileType = wrapper.application; includeInIndex = 0; path = "Detroit Scavenger Hunt.app"; sourceTree = BUILT_PRODUCTS_DIR; };
		BA7A05861BB64723006BA1F4 /* AppDelegate.swift */ = {isa = PBXFileReference; lastKnownFileType = sourcecode.swift; path = AppDelegate.swift; sourceTree = "<group>"; };
		BA7A05881BB64723006BA1F4 /* AddViewController.swift */ = {isa = PBXFileReference; lastKnownFileType = sourcecode.swift; path = AddViewController.swift; sourceTree = "<group>"; };
		BA7A058B1BB64723006BA1F4 /* Base */ = {isa = PBXFileReference; lastKnownFileType = file.storyboard; name = Base; path = Base.lproj/Main.storyboard; sourceTree = "<group>"; };
		BA7A058D1BB64723006BA1F4 /* Assets.xcassets */ = {isa = PBXFileReference; lastKnownFileType = folder.assetcatalog; path = Assets.xcassets; sourceTree = "<group>"; };
		BA7A05901BB64723006BA1F4 /* Base */ = {isa = PBXFileReference; lastKnownFileType = file.storyboard; name = Base; path = Base.lproj/LaunchScreen.storyboard; sourceTree = "<group>"; };
		BA7A05921BB64724006BA1F4 /* Info.plist */ = {isa = PBXFileReference; lastKnownFileType = text.plist.xml; path = Info.plist; sourceTree = "<group>"; };
		BA7A05971BB64724006BA1F4 /* Detroit Scavenger HuntTests.xctest */ = {isa = PBXFileReference; explicitFileType = wrapper.cfbundle; includeInIndex = 0; path = "Detroit Scavenger HuntTests.xctest"; sourceTree = BUILT_PRODUCTS_DIR; };
		BA7A059B1BB64724006BA1F4 /* Detroit_Scavenger_HuntTests.swift */ = {isa = PBXFileReference; lastKnownFileType = sourcecode.swift; path = Detroit_Scavenger_HuntTests.swift; sourceTree = "<group>"; };
		BA7A059D1BB64724006BA1F4 /* Info.plist */ = {isa = PBXFileReference; lastKnownFileType = text.plist.xml; path = Info.plist; sourceTree = "<group>"; };
		BA7A05A21BB64724006BA1F4 /* Detroit Scavenger HuntUITests.xctest */ = {isa = PBXFileReference; explicitFileType = wrapper.cfbundle; includeInIndex = 0; path = "Detroit Scavenger HuntUITests.xctest"; sourceTree = BUILT_PRODUCTS_DIR; };
		BA7A05A61BB64724006BA1F4 /* Detroit_Scavenger_HuntUITests.swift */ = {isa = PBXFileReference; lastKnownFileType = sourcecode.swift; path = Detroit_Scavenger_HuntUITests.swift; sourceTree = "<group>"; };
		BA7A05A81BB64724006BA1F4 /* Info.plist */ = {isa = PBXFileReference; lastKnownFileType = text.plist.xml; path = Info.plist; sourceTree = "<group>"; };
		BA7A05B41BB64A86006BA1F4 /* ListViewController.swift */ = {isa = PBXFileReference; fileEncoding = 4; lastKnownFileType = sourcecode.swift; path = ListViewController.swift; sourceTree = "<group>"; };
/* End PBXFileReference section */

/* Begin PBXFrameworksBuildPhase section */
		BA7A05801BB64723006BA1F4 /* Frameworks */ = {
			isa = PBXFrameworksBuildPhase;
			buildActionMask = 2147483647;
			files = (
			);
			runOnlyForDeploymentPostprocessing = 0;
		};
		BA7A05941BB64724006BA1F4 /* Frameworks */ = {
			isa = PBXFrameworksBuildPhase;
			buildActionMask = 2147483647;
			files = (
			);
			runOnlyForDeploymentPostprocessing = 0;
		};
		BA7A059F1BB64724006BA1F4 /* Frameworks */ = {
			isa = PBXFrameworksBuildPhase;
			buildActionMask = 2147483647;
			files = (
			);
			runOnlyForDeploymentPostprocessing = 0;
		};
/* End PBXFrameworksBuildPhase section */

/* Begin PBXGroup section */
		BA7A057A1BB64723006BA1F4 = {
			isa = PBXGroup;
			children = (
				BA7A05851BB64723006BA1F4 /* Detroit Scavenger Hunt */,
				BA7A059A1BB64724006BA1F4 /* Detroit Scavenger HuntTests */,
				BA7A05A51BB64724006BA1F4 /* Detroit Scavenger HuntUITests */,
				BA7A05841BB64723006BA1F4 /* Products */,
			);
			sourceTree = "<group>";
		};
		BA7A05841BB64723006BA1F4 /* Products */ = {
			isa = PBXGroup;
			children = (
				BA7A05831BB64723006BA1F4 /* Detroit Scavenger Hunt.app */,
				BA7A05971BB64724006BA1F4 /* Detroit Scavenger HuntTests.xctest */,
				BA7A05A21BB64724006BA1F4 /* Detroit Scavenger HuntUITests.xctest */,
			);
			name = Products;
			sourceTree = "<group>";
		};
		BA7A05851BB64723006BA1F4 /* Detroit Scavenger Hunt */ = {
			isa = PBXGroup;
			children = (
				BA7A05861BB64723006BA1F4 /* AppDelegate.swift */,
				BA7A05881BB64723006BA1F4 /* AddViewController.swift */,
				BA7A058A1BB64723006BA1F4 /* Main.storyboard */,
				BA47742E1BBB1871009F719F /* DetroitScavengerHuntItem.swift */,
				BA7A05B41BB64A86006BA1F4 /* ListViewController.swift */,
				BA727ADE1BC485E200EB7CC7 /* ItemsManager.swift */,
				BA7A058D1BB64723006BA1F4 /* Assets.xcassets */,
				BA7A058F1BB64723006BA1F4 /* LaunchScreen.storyboard */,
				BA7A05921BB64724006BA1F4 /* Info.plist */,
			);
			path = "Detroit Scavenger Hunt";
			sourceTree = "<group>";
		};
		BA7A059A1BB64724006BA1F4 /* Detroit Scavenger HuntTests */ = {
			isa = PBXGroup;
			children = (
				BA7A059B1BB64724006BA1F4 /* Detroit_Scavenger_HuntTests.swift */,
				BA7A059D1BB64724006BA1F4 /* Info.plist */,
			);
			path = "Detroit Scavenger HuntTests";
			sourceTree = "<group>";
		};
		BA7A05A51BB64724006BA1F4 /* Detroit Scavenger HuntUITests */ = {
			isa = PBXGroup;
			children = (
				BA7A05A61BB64724006BA1F4 /* Detroit_Scavenger_HuntUITests.swift */,
				BA7A05A81BB64724006BA1F4 /* Info.plist */,
			);
			path = "Detroit Scavenger HuntUITests";
			sourceTree = "<group>";
		};
/* End PBXGroup section */

/* Begin PBXNativeTarget section */
		BA7A05821BB64723006BA1F4 /* Detroit Scavenger Hunt */ = {
			isa = PBXNativeTarget;
			buildConfigurationList = BA7A05AB1BB64724006BA1F4 /* Build configuration list for PBXNativeTarget "Detroit Scavenger Hunt" */;
			buildPhases = (
				BA7A057F1BB64723006BA1F4 /* Sources */,
				BA7A05801BB64723006BA1F4 /* Frameworks */,
				BA7A05811BB64723006BA1F4 /* Resources */,
			);
			buildRules = (
			);
			dependencies = (
			);
			name = "Detroit Scavenger Hunt";
			productName = "Detroit Scavenger Hunt";
			productReference = BA7A05831BB64723006BA1F4 /* Detroit Scavenger Hunt.app */;
			productType = "com.apple.product-type.application";
		};
		BA7A05961BB64724006BA1F4 /* Detroit Scavenger HuntTests */ = {
			isa = PBXNativeTarget;
			buildConfigurationList = BA7A05AE1BB64724006BA1F4 /* Build configuration list for PBXNativeTarget "Detroit Scavenger HuntTests" */;
			buildPhases = (
				BA7A05931BB64724006BA1F4 /* Sources */,
				BA7A05941BB64724006BA1F4 /* Frameworks */,
				BA7A05951BB64724006BA1F4 /* Resources */,
			);
			buildRules = (
			);
			dependencies = (
				BA7A05991BB64724006BA1F4 /* PBXTargetDependency */,
			);
			name = "Detroit Scavenger HuntTests";
			productName = "Detroit Scavenger HuntTests";
			productReference = BA7A05971BB64724006BA1F4 /* Detroit Scavenger HuntTests.xctest */;
			productType = "com.apple.product-type.bundle.unit-test";
		};
		BA7A05A11BB64724006BA1F4 /* Detroit Scavenger HuntUITests */ = {
			isa = PBXNativeTarget;
			buildConfigurationList = BA7A05B11BB64724006BA1F4 /* Build configuration list for PBXNativeTarget "Detroit Scavenger HuntUITests" */;
			buildPhases = (
				BA7A059E1BB64724006BA1F4 /* Sources */,
				BA7A059F1BB64724006BA1F4 /* Frameworks */,
				BA7A05A01BB64724006BA1F4 /* Resources */,
			);
			buildRules = (
			);
			dependencies = (
				BA7A05A41BB64724006BA1F4 /* PBXTargetDependency */,
			);
			name = "Detroit Scavenger HuntUITests";
			productName = "Detroit Scavenger HuntUITests";
			productReference = BA7A05A21BB64724006BA1F4 /* Detroit Scavenger HuntUITests.xctest */;
			productType = "com.apple.product-type.bundle.ui-testing";
		};
/* End PBXNativeTarget section */

/* Begin PBXProject section */
		BA7A057B1BB64723006BA1F4 /* Project object */ = {
			isa = PBXProject;
			attributes = {
				LastUpgradeCheck = 0700;
				ORGANIZATIONNAME = "Jordan Harvey-Morgan";
				TargetAttributes = {
					BA7A05821BB64723006BA1F4 = {
						CreatedOnToolsVersion = 7.0;
						DevelopmentTeam = C9L43P9G27;
					};
					BA7A05961BB64724006BA1F4 = {
						CreatedOnToolsVersion = 7.0;
						DevelopmentTeam = C9L43P9G27;
						TestTargetID = BA7A05821BB64723006BA1F4;
					};
					BA7A05A11BB64724006BA1F4 = {
						CreatedOnToolsVersion = 7.0;
						DevelopmentTeam = C9L43P9G27;
						TestTargetID = BA7A05821BB64723006BA1F4;
					};
				};
			};
			buildConfigurationList = BA7A057E1BB64723006BA1F4 /* Build configuration list for PBXProject "Detroit Scavenger Hunt" */;
			compatibilityVersion = "Xcode 3.2";
			developmentRegion = English;
			hasScannedForEncodings = 0;
			knownRegions = (
				en,
				Base,
			);
			mainGroup = BA7A057A1BB64723006BA1F4;
			productRefGroup = BA7A05841BB64723006BA1F4 /* Products */;
			projectDirPath = "";
			projectRoot = "";
			targets = (
				BA7A05821BB64723006BA1F4 /* Detroit Scavenger Hunt */,
				BA7A05961BB64724006BA1F4 /* Detroit Scavenger HuntTests */,
				BA7A05A11BB64724006BA1F4 /* Detroit Scavenger HuntUITests */,
			);
		};
/* End PBXProject section */

/* Begin PBXResourcesBuildPhase section */
		BA7A05811BB64723006BA1F4 /* Resources */ = {
			isa = PBXResourcesBuildPhase;
			buildActionMask = 2147483647;
			files = (
				BA7A05911BB64723006BA1F4 /* LaunchScreen.storyboard in Resources */,
				BA7A058E1BB64723006BA1F4 /* Assets.xcassets in Resources */,
				BA7A058C1BB64723006BA1F4 /* Main.storyboard in Resources */,
			);
			runOnlyForDeploymentPostprocessing = 0;
		};
		BA7A05951BB64724006BA1F4 /* Resources */ = {
			isa = PBXResourcesBuildPhase;
			buildActionMask = 2147483647;
			files = (
			);
			runOnlyForDeploymentPostprocessing = 0;
		};
		BA7A05A01BB64724006BA1F4 /* Resources */ = {
			isa = PBXResourcesBuildPhase;
			buildActionMask = 2147483647;
			files = (
			);
			runOnlyForDeploymentPostprocessing = 0;
		};
/* End PBXResourcesBuildPhase section */

/* Begin PBXSourcesBuildPhase section */
		BA7A057F1BB64723006BA1F4 /* Sources */ = {
			isa = PBXSourcesBuildPhase;
			buildActionMask = 2147483647;
			files = (
				BA47742F1BBB1871009F719F /* DetroitScavengerHuntItem.swift in Sources */,
				BA7A05891BB64723006BA1F4 /* AddViewController.swift in Sources */,
				BA7A05871BB64723006BA1F4 /* AppDelegate.swift in Sources */,
				BA7A05B51BB64A86006BA1F4 /* ListViewController.swift in Sources */,
				BA727ADF1BC485E200EB7CC7 /* ItemsManager.swift in Sources */,
			);
			runOnlyForDeploymentPostprocessing = 0;
		};
		BA7A05931BB64724006BA1F4 /* Sources */ = {
			isa = PBXSourcesBuildPhase;
			buildActionMask = 2147483647;
			files = (
				BA7A059C1BB64724006BA1F4 /* Detroit_Scavenger_HuntTests.swift in Sources */,
			);
			runOnlyForDeploymentPostprocessing = 0;
		};
		BA7A059E1BB64724006BA1F4 /* Sources */ = {
			isa = PBXSourcesBuildPhase;
			buildActionMask = 2147483647;
			files = (
				BA7A05A71BB64724006BA1F4 /* Detroit_Scavenger_HuntUITests.swift in Sources */,
			);
			runOnlyForDeploymentPostprocessing = 0;
		};
/* End PBXSourcesBuildPhase section */

/* Begin PBXTargetDependency section */
		BA7A05991BB64724006BA1F4 /* PBXTargetDependency */ = {
			isa = PBXTargetDependency;
			target = BA7A05821BB64723006BA1F4 /* Detroit Scavenger Hunt */;
			targetProxy = BA7A05981BB64724006BA1F4 /* PBXContainerItemProxy */;
		};
		BA7A05A41BB64724006BA1F4 /* PBXTargetDependency */ = {
			isa = PBXTargetDependency;
			target = BA7A05821BB64723006BA1F4 /* Detroit Scavenger Hunt */;
			targetProxy = BA7A05A31BB64724006BA1F4 /* PBXContainerItemProxy */;
		};
/* End PBXTargetDependency section */

/* Begin PBXVariantGroup section */
		BA7A058A1BB64723006BA1F4 /* Main.storyboard */ = {
			isa = PBXVariantGroup;
			children = (
				BA7A058B1BB64723006BA1F4 /* Base */,
			);
			name = Main.storyboard;
			sourceTree = "<group>";
		};
		BA7A058F1BB64723006BA1F4 /* LaunchScreen.storyboard */ = {
			isa = PBXVariantGroup;
			children = (
				BA7A05901BB64723006BA1F4 /* Base */,
			);
			name = LaunchScreen.storyboard;
			sourceTree = "<group>";
		};
/* End PBXVariantGroup section */

/* Begin XCBuildConfiguration section */
		BA7A05A91BB64724006BA1F4 /* Debug */ = {
			isa = XCBuildConfiguration;
			buildSettings = {
				ALWAYS_SEARCH_USER_PATHS = NO;
				CLANG_CXX_LANGUAGE_STANDARD = "gnu++0x";
				CLANG_CXX_LIBRARY = "libc++";
				CLANG_ENABLE_MODULES = YES;
				CLANG_ENABLE_OBJC_ARC = YES;
				CLANG_WARN_BOOL_CONVERSION = YES;
				CLANG_WARN_CONSTANT_CONVERSION = YES;
				CLANG_WARN_DIRECT_OBJC_ISA_USAGE = YES_ERROR;
				CLANG_WARN_EMPTY_BODY = YES;
				CLANG_WARN_ENUM_CONVERSION = YES;
				CLANG_WARN_INT_CONVERSION = YES;
				CLANG_WARN_OBJC_ROOT_CLASS = YES_ERROR;
				CLANG_WARN_UNREACHABLE_CODE = YES;
				CLANG_WARN__DUPLICATE_METHOD_MATCH = YES;
				"CODE_SIGN_IDENTITY[sdk=iphoneos*]" = "iPhone Developer";
				COPY_PHASE_STRIP = NO;
				DEBUG_INFORMATION_FORMAT = dwarf;
				ENABLE_STRICT_OBJC_MSGSEND = YES;
				ENABLE_TESTABILITY = YES;
				GCC_C_LANGUAGE_STANDARD = gnu99;
				GCC_DYNAMIC_NO_PIC = NO;
				GCC_NO_COMMON_BLOCKS = YES;
				GCC_OPTIMIZATION_LEVEL = 0;
				GCC_PREPROCESSOR_DEFINITIONS = (
					"DEBUG=1",
					"$(inherited)",
				);
				GCC_WARN_64_TO_32_BIT_CONVERSION = YES;
				GCC_WARN_ABOUT_RETURN_TYPE = YES_ERROR;
				GCC_WARN_UNDECLARED_SELECTOR = YES;
				GCC_WARN_UNINITIALIZED_AUTOS = YES_AGGRESSIVE;
				GCC_WARN_UNUSED_FUNCTION = YES;
				GCC_WARN_UNUSED_VARIABLE = YES;
				IPHONEOS_DEPLOYMENT_TARGET = 9.0;
				MTL_ENABLE_DEBUG_INFO = YES;
				ONLY_ACTIVE_ARCH = YES;
				SDKROOT = iphoneos;
				SWIFT_OPTIMIZATION_LEVEL = "-Onone";
				TARGETED_DEVICE_FAMILY = "1,2";
			};
			name = Debug;
		};
		BA7A05AA1BB64724006BA1F4 /* Release */ = {
			isa = XCBuildConfiguration;
			buildSettings = {
				ALWAYS_SEARCH_USER_PATHS = NO;
				CLANG_CXX_LANGUAGE_STANDARD = "gnu++0x";
				CLANG_CXX_LIBRARY = "libc++";
				CLANG_ENABLE_MODULES = YES;
				CLANG_ENABLE_OBJC_ARC = YES;
				CLANG_WARN_BOOL_CONVERSION = YES;
				CLANG_WARN_CONSTANT_CONVERSION = YES;
				CLANG_WARN_DIRECT_OBJC_ISA_USAGE = YES_ERROR;
				CLANG_WARN_EMPTY_BODY = YES;
				CLANG_WARN_ENUM_CONVERSION = YES;
				CLANG_WARN_INT_CONVERSION = YES;
				CLANG_WARN_OBJC_ROOT_CLASS = YES_ERROR;
				CLANG_WARN_UNREACHABLE_CODE = YES;
				CLANG_WARN__DUPLICATE_METHOD_MATCH = YES;
				"CODE_SIGN_IDENTITY[sdk=iphoneos*]" = "iPhone Developer";
				COPY_PHASE_STRIP = NO;
				DEBUG_INFORMATION_FORMAT = "dwarf-with-dsym";
				ENABLE_NS_ASSERTIONS = NO;
				ENABLE_STRICT_OBJC_MSGSEND = YES;
				GCC_C_LANGUAGE_STANDARD = gnu99;
				GCC_NO_COMMON_BLOCKS = YES;
				GCC_WARN_64_TO_32_BIT_CONVERSION = YES;
				GCC_WARN_ABOUT_RETURN_TYPE = YES_ERROR;
				GCC_WARN_UNDECLARED_SELECTOR = YES;
				GCC_WARN_UNINITIALIZED_AUTOS = YES_AGGRESSIVE;
				GCC_WARN_UNUSED_FUNCTION = YES;
				GCC_WARN_UNUSED_VARIABLE = YES;
				IPHONEOS_DEPLOYMENT_TARGET = 9.0;
				MTL_ENABLE_DEBUG_INFO = NO;
				SDKROOT = iphoneos;
				TARGETED_DEVICE_FAMILY = "1,2";
				VALIDATE_PRODUCT = YES;
			};
			name = Release;
		};
		BA7A05AC1BB64724006BA1F4 /* Debug */ = {
			isa = XCBuildConfiguration;
			buildSettings = {
				ASSETCATALOG_COMPILER_APPICON_NAME = AppIcon;
				INFOPLIST_FILE = "Detroit Scavenger Hunt/Info.plist";
				LD_RUNPATH_SEARCH_PATHS = "$(inherited) @executable_path/Frameworks";
				PRODUCT_BUNDLE_IDENTIFIER = "com.example.Detroit-Scavenger-Hunt";
				PRODUCT_NAME = "$(TARGET_NAME)";
			};
			name = Debug;
		};
		BA7A05AD1BB64724006BA1F4 /* Release */ = {
			isa = XCBuildConfiguration;
			buildSettings = {
				ASSETCATALOG_COMPILER_APPICON_NAME = AppIcon;
				INFOPLIST_FILE = "Detroit Scavenger Hunt/Info.plist";
				LD_RUNPATH_SEARCH_PATHS = "$(inherited) @executable_path/Frameworks";
				PRODUCT_BUNDLE_IDENTIFIER = "com.example.Detroit-Scavenger-Hunt";
				PRODUCT_NAME = "$(TARGET_NAME)";
			};
			name = Release;
		};
		BA7A05AF1BB64724006BA1F4 /* Debug */ = {
			isa = XCBuildConfiguration;
			buildSettings = {
				BUNDLE_LOADER = "$(TEST_HOST)";
				INFOPLIST_FILE = "Detroit Scavenger HuntTests/Info.plist";
				LD_RUNPATH_SEARCH_PATHS = "$(inherited) @executable_path/Frameworks @loader_path/Frameworks";
				PRODUCT_BUNDLE_IDENTIFIER = "com.example.Detroit-Scavenger-HuntTests";
				PRODUCT_NAME = "$(TARGET_NAME)";
				TEST_HOST = "$(BUILT_PRODUCTS_DIR)/Detroit Scavenger Hunt.app/Detroit Scavenger Hunt";
			};
			name = Debug;
		};
		BA7A05B01BB64724006BA1F4 /* Release */ = {
			isa = XCBuildConfiguration;
			buildSettings = {
				BUNDLE_LOADER = "$(TEST_HOST)";
				INFOPLIST_FILE = "Detroit Scavenger HuntTests/Info.plist";
				LD_RUNPATH_SEARCH_PATHS = "$(inherited) @executable_path/Frameworks @loader_path/Frameworks";
				PRODUCT_BUNDLE_IDENTIFIER = "com.example.Detroit-Scavenger-HuntTests";
				PRODUCT_NAME = "$(TARGET_NAME)";
				TEST_HOST = "$(BUILT_PRODUCTS_DIR)/Detroit Scavenger Hunt.app/Detroit Scavenger Hunt";
			};
			name = Release;
		};
		BA7A05B21BB64724006BA1F4 /* Debug */ = {
			isa = XCBuildConfiguration;
			buildSettings = {
				INFOPLIST_FILE = "Detroit Scavenger HuntUITests/Info.plist";
				LD_RUNPATH_SEARCH_PATHS = "$(inherited) @executable_path/Frameworks @loader_path/Frameworks";
				PRODUCT_BUNDLE_IDENTIFIER = "com.example.Detroit-Scavenger-HuntUITests";
				PRODUCT_NAME = "$(TARGET_NAME)";
				TEST_TARGET_NAME = "Detroit Scavenger Hunt";
				USES_XCTRUNNER = YES;
			};
			name = Debug;
		};
		BA7A05B31BB64724006BA1F4 /* Release */ = {
			isa = XCBuildConfiguration;
			buildSettings = {
				INFOPLIST_FILE = "Detroit Scavenger HuntUITests/Info.plist";
				LD_RUNPATH_SEARCH_PATHS = "$(inherited) @executable_path/Frameworks @loader_path/Frameworks";
				PRODUCT_BUNDLE_IDENTIFIER = "com.example.Detroit-Scavenger-HuntUITests";
				PRODUCT_NAME = "$(TARGET_NAME)";
				TEST_TARGET_NAME = "Detroit Scavenger Hunt";
				USES_XCTRUNNER = YES;
			};
			name = Release;
		};
/* End XCBuildConfiguration section */

/* Begin XCConfigurationList section */
		BA7A057E1BB64723006BA1F4 /* Build configuration list for PBXProject "Detroit Scavenger Hunt" */ = {
			isa = XCConfigurationList;
			buildConfigurations = (
				BA7A05A91BB64724006BA1F4 /* Debug */,
				BA7A05AA1BB64724006BA1F4 /* Release */,
			);
			defaultConfigurationIsVisible = 0;
			defaultConfigurationName = Release;
		};
		BA7A05AB1BB64724006BA1F4 /* Build configuration list for PBXNativeTarget "Detroit Scavenger Hunt" */ = {
			isa = XCConfigurationList;
			buildConfigurations = (
				BA7A05AC1BB64724006BA1F4 /* Debug */,
				BA7A05AD1BB64724006BA1F4 /* Release */,
			);
			defaultConfigurationIsVisible = 0;
			defaultConfigurationName = Release;
		};
		BA7A05AE1BB64724006BA1F4 /* Build configuration list for PBXNativeTarget "Detroit Scavenger HuntTests" */ = {
			isa = XCConfigurationList;
			buildConfigurations = (
				BA7A05AF1BB64724006BA1F4 /* Debug */,
				BA7A05B01BB64724006BA1F4 /* Release */,
			);
			defaultConfigurationIsVisible = 0;
			defaultConfigurationName = Release;
		};
		BA7A05B11BB64724006BA1F4 /* Build configuration list for PBXNativeTarget "Detroit Scavenger HuntUITests" */ = {
			isa = XCConfigurationList;
			buildConfigurations = (
				BA7A05B21BB64724006BA1F4 /* Debug */,
				BA7A05B31BB64724006BA1F4 /* Release */,
			);
			defaultConfigurationIsVisible = 0;
			defaultConfigurationName = Release;
		};
/* End XCConfigurationList section */
	};
	rootObject = BA7A057B1BB64723006BA1F4 /* Project object */;
}
